// !$*UTF8*$!
{
	archiveVersion = 1;
	classes = {
	};
	objectVersion = 50;
	objects = {

/* Begin PBXBuildFile section */
		3FEDB659262731E60020705F /* AppDelegate.swift in Sources */ = {isa = PBXBuildFile; fileRef = 3FEDB658262731E60020705F /* AppDelegate.swift */; };
		3FEDB65B262731E60020705F /* SceneDelegate.swift in Sources */ = {isa = PBXBuildFile; fileRef = 3FEDB65A262731E60020705F /* SceneDelegate.swift */; };
		3FEDB65D262731E60020705F /* ContentView.swift in Sources */ = {isa = PBXBuildFile; fileRef = 3FEDB65C262731E60020705F /* ContentView.swift */; };
		3FEDB65F262731E70020705F /* Assets.xcassets in Resources */ = {isa = PBXBuildFile; fileRef = 3FEDB65E262731E70020705F /* Assets.xcassets */; };
		3FEDB662262731E70020705F /* Preview Assets.xcassets in Resources */ = {isa = PBXBuildFile; fileRef = 3FEDB661262731E70020705F /* Preview Assets.xcassets */; };
		3FEDB665262731E70020705F /* LaunchScreen.storyboard in Resources */ = {isa = PBXBuildFile; fileRef = 3FEDB663262731E70020705F /* LaunchScreen.storyboard */; };
		3FEDB66E262732E10020705F /* missions.json in Resources */ = {isa = PBXBuildFile; fileRef = 3FEDB66C262732E10020705F /* missions.json */; };
		3FEDB66F262732E10020705F /* astronauts.json in Resources */ = {isa = PBXBuildFile; fileRef = 3FEDB66D262732E10020705F /* astronauts.json */; };
		3FEDB671262734200020705F /* Astronaut.swift in Sources */ = {isa = PBXBuildFile; fileRef = 3FEDB670262734200020705F /* Astronaut.swift */; };
		3FEDB673262734EB0020705F /* Bundle-Decodable.swift in Sources */ = {isa = PBXBuildFile; fileRef = 3FEDB672262734EB0020705F /* Bundle-Decodable.swift */; };
		3FEDB675262737130020705F /* Mission.swift in Sources */ = {isa = PBXBuildFile; fileRef = 3FEDB674262737130020705F /* Mission.swift */; };
		3FEDB67726273FEC0020705F /* MissionView.swift in Sources */ = {isa = PBXBuildFile; fileRef = 3FEDB67626273FEC0020705F /* MissionView.swift */; };
/* End PBXBuildFile section */

/* Begin PBXFileReference section */
		3FEDB655262731E60020705F /* MoonShot-Project.app */ = {isa = PBXFileReference; explicitFileType = wrapper.application; includeInIndex = 0; path = "MoonShot-Project.app"; sourceTree = BUILT_PRODUCTS_DIR; };
		3FEDB658262731E60020705F /* AppDelegate.swift */ = {isa = PBXFileReference; lastKnownFileType = sourcecode.swift; path = AppDelegate.swift; sourceTree = "<group>"; };
		3FEDB65A262731E60020705F /* SceneDelegate.swift */ = {isa = PBXFileReference; lastKnownFileType = sourcecode.swift; path = SceneDelegate.swift; sourceTree = "<group>"; };
		3FEDB65C262731E60020705F /* ContentView.swift */ = {isa = PBXFileReference; lastKnownFileType = sourcecode.swift; path = ContentView.swift; sourceTree = "<group>"; };
		3FEDB65E262731E70020705F /* Assets.xcassets */ = {isa = PBXFileReference; lastKnownFileType = folder.assetcatalog; path = Assets.xcassets; sourceTree = "<group>"; };
		3FEDB661262731E70020705F /* Preview Assets.xcassets */ = {isa = PBXFileReference; lastKnownFileType = folder.assetcatalog; path = "Preview Assets.xcassets"; sourceTree = "<group>"; };
		3FEDB664262731E70020705F /* Base */ = {isa = PBXFileReference; lastKnownFileType = file.storyboard; name = Base; path = Base.lproj/LaunchScreen.storyboard; sourceTree = "<group>"; };
		3FEDB666262731E70020705F /* Info.plist */ = {isa = PBXFileReference; lastKnownFileType = text.plist.xml; path = Info.plist; sourceTree = "<group>"; };
		3FEDB66C262732E10020705F /* missions.json */ = {isa = PBXFileReference; fileEncoding = 4; lastKnownFileType = text.json; name = missions.json; path = "../../../../../Jared/HackingWithSwift-main/SwiftUI/project8-files/missions.json"; sourceTree = "<group>"; };
		3FEDB66D262732E10020705F /* astronauts.json */ = {isa = PBXFileReference; fileEncoding = 4; lastKnownFileType = text.json; name = astronauts.json; path = "../../../../../Jared/HackingWithSwift-main/SwiftUI/project8-files/astronauts.json"; sourceTree = "<group>"; };
		3FEDB670262734200020705F /* Astronaut.swift */ = {isa = PBXFileReference; lastKnownFileType = sourcecode.swift; path = Astronaut.swift; sourceTree = "<group>"; };
		3FEDB672262734EB0020705F /* Bundle-Decodable.swift */ = {isa = PBXFileReference; lastKnownFileType = sourcecode.swift; path = "Bundle-Decodable.swift"; sourceTree = "<group>"; };
		3FEDB674262737130020705F /* Mission.swift */ = {isa = PBXFileReference; lastKnownFileType = sourcecode.swift; path = Mission.swift; sourceTree = "<group>"; };
		3FEDB67626273FEC0020705F /* MissionView.swift */ = {isa = PBXFileReference; lastKnownFileType = sourcecode.swift; path = MissionView.swift; sourceTree = "<group>"; };
/* End PBXFileReference section */

/* Begin PBXFrameworksBuildPhase section */
		3FEDB652262731E60020705F /* Frameworks */ = {
			isa = PBXFrameworksBuildPhase;
			buildActionMask = 2147483647;
			files = (
			);
			runOnlyForDeploymentPostprocessing = 0;
		};
/* End PBXFrameworksBuildPhase section */

/* Begin PBXGroup section */
		3FEDB64C262731E60020705F = {
			isa = PBXGroup;
			children = (
				3FEDB657262731E60020705F /* MoonShot-Project */,
				3FEDB656262731E60020705F /* Products */,
			);
			sourceTree = "<group>";
		};
		3FEDB656262731E60020705F /* Products */ = {
			isa = PBXGroup;
			children = (
				3FEDB655262731E60020705F /* MoonShot-Project.app */,
			);
			name = Products;
			sourceTree = "<group>";
		};
		3FEDB657262731E60020705F /* MoonShot-Project */ = {
			isa = PBXGroup;
			children = (
				3FEDB658262731E60020705F /* AppDelegate.swift */,
				3FEDB65A262731E60020705F /* SceneDelegate.swift */,
				3FEDB65C262731E60020705F /* ContentView.swift */,
				3FEDB67626273FEC0020705F /* MissionView.swift */,
				3FEDB674262737130020705F /* Mission.swift */,
				3FEDB670262734200020705F /* Astronaut.swift */,
				3FEDB672262734EB0020705F /* Bundle-Decodable.swift */,
				3FEDB66D262732E10020705F /* astronauts.json */,
				3FEDB66C262732E10020705F /* missions.json */,
				3FEDB65E262731E70020705F /* Assets.xcassets */,
				3FEDB663262731E70020705F /* LaunchScreen.storyboard */,
				3FEDB666262731E70020705F /* Info.plist */,
				3FEDB660262731E70020705F /* Preview Content */,
			);
			path = "MoonShot-Project";
			sourceTree = "<group>";
		};
		3FEDB660262731E70020705F /* Preview Content */ = {
			isa = PBXGroup;
			children = (
				3FEDB661262731E70020705F /* Preview Assets.xcassets */,
			);
			path = "Preview Content";
			sourceTree = "<group>";
		};
/* End PBXGroup section */

/* Begin PBXNativeTarget section */
		3FEDB654262731E60020705F /* MoonShot-Project */ = {
			isa = PBXNativeTarget;
			buildConfigurationList = 3FEDB669262731E70020705F /* Build configuration list for PBXNativeTarget "MoonShot-Project" */;
			buildPhases = (
				3FEDB651262731E60020705F /* Sources */,
				3FEDB652262731E60020705F /* Frameworks */,
				3FEDB653262731E60020705F /* Resources */,
			);
			buildRules = (
			);
			dependencies = (
			);
			name = "MoonShot-Project";
			productName = "MoonShot-Project";
			productReference = 3FEDB655262731E60020705F /* MoonShot-Project.app */;
			productType = "com.apple.product-type.application";
		};
/* End PBXNativeTarget section */

/* Begin PBXProject section */
		3FEDB64D262731E60020705F /* Project object */ = {
			isa = PBXProject;
			attributes = {
				LastSwiftUpdateCheck = 1170;
				LastUpgradeCheck = 1170;
				ORGANIZATIONNAME = "IN185 BS";
				TargetAttributes = {
					3FEDB654262731E60020705F = {
						CreatedOnToolsVersion = 11.7;
					};
				};
			};
			buildConfigurationList = 3FEDB650262731E60020705F /* Build configuration list for PBXProject "MoonShot-Project" */;
			compatibilityVersion = "Xcode 9.3";
			developmentRegion = en;
			hasScannedForEncodings = 0;
			knownRegions = (
				en,
				Base,
			);
			mainGroup = 3FEDB64C262731E60020705F;
			productRefGroup = 3FEDB656262731E60020705F /* Products */;
			projectDirPath = "";
			projectRoot = "";
			targets = (
				3FEDB654262731E60020705F /* MoonShot-Project */,
			);
		};
/* End PBXProject section */

/* Begin PBXResourcesBuildPhase section */
		3FEDB653262731E60020705F /* Resources */ = {
			isa = PBXResourcesBuildPhase;
			buildActionMask = 2147483647;
			files = (
				3FEDB665262731E70020705F /* LaunchScreen.storyboard in Resources */,
				3FEDB662262731E70020705F /* Preview Assets.xcassets in Resources */,
				3FEDB66E262732E10020705F /* missions.json in Resources */,
				3FEDB66F262732E10020705F /* astronauts.json in Resources */,
				3FEDB65F262731E70020705F /* Assets.xcassets in Resources */,
			);
			runOnlyForDeploymentPostprocessing = 0;
		};
/* End PBXResourcesBuildPhase section */

/* Begin PBXSourcesBuildPhase section */
		3FEDB651262731E60020705F /* Sources */ = {
			isa = PBXSourcesBuildPhase;
			buildActionMask = 2147483647;
			files = (
				3FEDB67726273FEC0020705F /* MissionView.swift in Sources */,
				3FEDB675262737130020705F /* Mission.swift in Sources */,
				3FEDB659262731E60020705F /* AppDelegate.swift in Sources */,
				3FEDB65B262731E60020705F /* SceneDelegate.swift in Sources */,
				3FEDB673262734EB0020705F /* Bundle-Decodable.swift in Sources */,
				3FEDB65D262731E60020705F /* ContentView.swift in Sources */,
				3FEDB671262734200020705F /* Astronaut.swift in Sources */,
			);
			runOnlyForDeploymentPostprocessing = 0;
		};
/* End PBXSourcesBuildPhase section */

/* Begin PBXVariantGroup section */
		3FEDB663262731E70020705F /* LaunchScreen.storyboard */ = {
			isa = PBXVariantGroup;
			children = (
				3FEDB664262731E70020705F /* Base */,
			);
			name = LaunchScreen.storyboard;
			sourceTree = "<group>";
		};
/* End PBXVariantGroup section */

/* Begin XCBuildConfiguration section */
		3FEDB667262731E70020705F /* Debug */ = {
			isa = XCBuildConfiguration;
			buildSettings = {
				ALWAYS_SEARCH_USER_PATHS = NO;
				CLANG_ANALYZER_NONNULL = YES;
				CLANG_ANALYZER_NUMBER_OBJECT_CONVERSION = YES_AGGRESSIVE;
				CLANG_CXX_LANGUAGE_STANDARD = "gnu++14";
				CLANG_CXX_LIBRARY = "libc++";
				CLANG_ENABLE_MODULES = YES;
				CLANG_ENABLE_OBJC_ARC = YES;
				CLANG_ENABLE_OBJC_WEAK = YES;
				CLANG_WARN_BLOCK_CAPTURE_AUTORELEASING = YES;
				CLANG_WARN_BOOL_CONVERSION = YES;
				CLANG_WARN_COMMA = YES;
				CLANG_WARN_CONSTANT_CONVERSION = YES;
				CLANG_WARN_DEPRECATED_OBJC_IMPLEMENTATIONS = YES;
				CLANG_WARN_DIRECT_OBJC_ISA_USAGE = YES_ERROR;
				CLANG_WARN_DOCUMENTATION_COMMENTS = YES;
				CLANG_WARN_EMPTY_BODY = YES;
				CLANG_WARN_ENUM_CONVERSION = YES;
				CLANG_WARN_INFINITE_RECURSION = YES;
				CLANG_WARN_INT_CONVERSION = YES;
				CLANG_WARN_NON_LITERAL_NULL_CONVERSION = YES;
				CLANG_WARN_OBJC_IMPLICIT_RETAIN_SELF = YES;
				CLANG_WARN_OBJC_LITERAL_CONVERSION = YES;
				CLANG_WARN_OBJC_ROOT_CLASS = YES_ERROR;
				CLANG_WARN_RANGE_LOOP_ANALYSIS = YES;
				CLANG_WARN_STRICT_PROTOTYPES = YES;
				CLANG_WARN_SUSPICIOUS_MOVE = YES;
				CLANG_WARN_UNGUARDED_AVAILABILITY = YES_AGGRESSIVE;
				CLANG_WARN_UNREACHABLE_CODE = YES;
				CLANG_WARN__DUPLICATE_METHOD_MATCH = YES;
				COPY_PHASE_STRIP = NO;
				DEBUG_INFORMATION_FORMAT = dwarf;
				ENABLE_STRICT_OBJC_MSGSEND = YES;
				ENABLE_TESTABILITY = YES;
				GCC_C_LANGUAGE_STANDARD = gnu11;
				GCC_DYNAMIC_NO_PIC = NO;
				GCC_NO_COMMON_BLOCKS = YES;
				GCC_OPTIMIZATION_LEVEL = 0;
				GCC_PREPROCESSOR_DEFINITIONS = (
					"DEBUG=1",
					"$(inherited)",
				);
				GCC_WARN_64_TO_32_BIT_CONVERSION = YES;
				GCC_WARN_ABOUT_RETURN_TYPE = YES_ERROR;
				GCC_WARN_UNDECLARED_SELECTOR = YES;
				GCC_WARN_UNINITIALIZED_AUTOS = YES_AGGRESSIVE;
				GCC_WARN_UNUSED_FUNCTION = YES;
				GCC_WARN_UNUSED_VARIABLE = YES;
				IPHONEOS_DEPLOYMENT_TARGET = 13.7;
				MTL_ENABLE_DEBUG_INFO = INCLUDE_SOURCE;
				MTL_FAST_MATH = YES;
				ONLY_ACTIVE_ARCH = YES;
				SDKROOT = iphoneos;
				SWIFT_ACTIVE_COMPILATION_CONDITIONS = DEBUG;
				SWIFT_OPTIMIZATION_LEVEL = "-Onone";
			};
			name = Debug;
		};
		3FEDB668262731E70020705F /* Release */ = {
			isa = XCBuildConfiguration;
			buildSettings = {
				ALWAYS_SEARCH_USER_PATHS = NO;
				CLANG_ANALYZER_NONNULL = YES;
				CLANG_ANALYZER_NUMBER_OBJECT_CONVERSION = YES_AGGRESSIVE;
				CLANG_CXX_LANGUAGE_STANDARD = "gnu++14";
				CLANG_CXX_LIBRARY = "libc++";
				CLANG_ENABLE_MODULES = YES;
				CLANG_ENABLE_OBJC_ARC = YES;
				CLANG_ENABLE_OBJC_WEAK = YES;
				CLANG_WARN_BLOCK_CAPTURE_AUTORELEASING = YES;
				CLANG_WARN_BOOL_CONVERSION = YES;
				CLANG_WARN_COMMA = YES;
				CLANG_WARN_CONSTANT_CONVERSION = YES;
				CLANG_WARN_DEPRECATED_OBJC_IMPLEMENTATIONS = YES;
				CLANG_WARN_DIRECT_OBJC_ISA_USAGE = YES_ERROR;
				CLANG_WARN_DOCUMENTATION_COMMENTS = YES;
				CLANG_WARN_EMPTY_BODY = YES;
				CLANG_WARN_ENUM_CONVERSION = YES;
				CLANG_WARN_INFINITE_RECURSION = YES;
				CLANG_WARN_INT_CONVERSION = YES;
				CLANG_WARN_NON_LITERAL_NULL_CONVERSION = YES;
				CLANG_WARN_OBJC_IMPLICIT_RETAIN_SELF = YES;
				CLANG_WARN_OBJC_LITERAL_CONVERSION = YES;
				CLANG_WARN_OBJC_ROOT_CLASS = YES_ERROR;
				CLANG_WARN_RANGE_LOOP_ANALYSIS = YES;
				CLANG_WARN_STRICT_PROTOTYPES = YES;
				CLANG_WARN_SUSPICIOUS_MOVE = YES;
				CLANG_WARN_UNGUARDED_AVAILABILITY = YES_AGGRESSIVE;
				CLANG_WARN_UNREACHABLE_CODE = YES;
				CLANG_WARN__DUPLICATE_METHOD_MATCH = YES;
				COPY_PHASE_STRIP = NO;
				DEBUG_INFORMATION_FORMAT = "dwarf-with-dsym";
				ENABLE_NS_ASSERTIONS = NO;
				ENABLE_STRICT_OBJC_MSGSEND = YES;
				GCC_C_LANGUAGE_STANDARD = gnu11;
				GCC_NO_COMMON_BLOCKS = YES;
				GCC_WARN_64_TO_32_BIT_CONVERSION = YES;
				GCC_WARN_ABOUT_RETURN_TYPE = YES_ERROR;
				GCC_WARN_UNDECLARED_SELECTOR = YES;
				GCC_WARN_UNINITIALIZED_AUTOS = YES_AGGRESSIVE;
				GCC_WARN_UNUSED_FUNCTION = YES;
				GCC_WARN_UNUSED_VARIABLE = YES;
				IPHONEOS_DEPLOYMENT_TARGET = 13.7;
				MTL_ENABLE_DEBUG_INFO = NO;
				MTL_FAST_MATH = YES;
				SDKROOT = iphoneos;
				SWIFT_COMPILATION_MODE = wholemodule;
				SWIFT_OPTIMIZATION_LEVEL = "-O";
				VALIDATE_PRODUCT = YES;
			};
			name = Release;
		};
		3FEDB66A262731E70020705F /* Debug */ = {
			isa = XCBuildConfiguration;
			buildSettings = {
				ASSETCATALOG_COMPILER_APPICON_NAME = AppIcon;
				CODE_SIGN_STYLE = Automatic;
				DEVELOPMENT_ASSET_PATHS = "\"MoonShot-Project/Preview Content\"";
				ENABLE_PREVIEWS = YES;
				INFOPLIST_FILE = "MoonShot-Project/Info.plist";
				LD_RUNPATH_SEARCH_PATHS = (
					"$(inherited)",
					"@executable_path/Frameworks",
				);
				PRODUCT_BUNDLE_IDENTIFIER = "com.IN185-BS.MoonShot-Project";
				PRODUCT_NAME = "$(TARGET_NAME)";
				SWIFT_VERSION = 5.0;
				TARGETED_DEVICE_FAMILY = "1,2";
			};
			name = Debug;
		};
		3FEDB66B262731E70020705F /* Release */ = {
			isa = XCBuildConfiguration;
			buildSettings = {
				ASSETCATALOG_COMPILER_APPICON_NAME = AppIcon;
				CODE_SIGN_STYLE = Automatic;
				DEVELOPMENT_ASSET_PATHS = "\"MoonShot-Project/Preview Content\"";
				ENABLE_PREVIEWS = YES;
				INFOPLIST_FILE = "MoonShot-Project/Info.plist";
				LD_RUNPATH_SEARCH_PATHS = (
					"$(inherited)",
					"@executable_path/Frameworks",
				);
				PRODUCT_BUNDLE_IDENTIFIER = "com.IN185-BS.MoonShot-Project";
				PRODUCT_NAME = "$(TARGET_NAME)";
				SWIFT_VERSION = 5.0;
				TARGETED_DEVICE_FAMILY = "1,2";
			};
			name = Release;
		};
/* End XCBuildConfiguration section */

/* Begin XCConfigurationList section */
		3FEDB650262731E60020705F /* Build configuration list for PBXProject "MoonShot-Project" */ = {
			isa = XCConfigurationList;
			buildConfigurations = (
				3FEDB667262731E70020705F /* Debug */,
				3FEDB668262731E70020705F /* Release */,
			);
			defaultConfigurationIsVisible = 0;
			defaultConfigurationName = Release;
		};
		3FEDB669262731E70020705F /* Build configuration list for PBXNativeTarget "MoonShot-Project" */ = {
			isa = XCConfigurationList;
			buildConfigurations = (
				3FEDB66A262731E70020705F /* Debug */,
				3FEDB66B262731E70020705F /* Release */,
			);
			defaultConfigurationIsVisible = 0;
			defaultConfigurationName = Release;
		};
/* End XCConfigurationList section */
	};
	rootObject = 3FEDB64D262731E60020705F /* Project object */;
}
